{
  "name": "Fantastic-Five-Web-Game",
  "lockfileVersion": 3,
  "requires": true,
  "packages": {
    "": {
      "dependencies": {
        "@react-hook/resize-observer": "^2.0.2",
        "react-easy-crop": "^5.4.1"
      }
    },
    "node_modules/@react-hook/latest": {
      "version": "1.0.3",
      "resolved": "https://registry.npmjs.org/@react-hook/latest/-/latest-1.0.3.tgz",
      "integrity": "sha512-dy6duzl+JnAZcDbNTfmaP3xHiKtbXYOaz3G51MGVljh548Y8MWzTr+PHLOfvpypEVW9zwvl+VyKjbWKEVbV1Rg==",
      "license": "MIT",
      "peerDependencies": {
        "react": ">=16.8"
      }
    },
    "node_modules/@react-hook/passive-layout-effect": {
      "version": "1.2.1",
      "resolved": "https://registry.npmjs.org/@react-hook/passive-layout-effect/-/passive-layout-effect-1.2.1.tgz",
      "integrity": "sha512-IwEphTD75liO8g+6taS+4oqz+nnroocNfWVHWz7j+N+ZO2vYrc6PV1q7GQhuahL0IOR7JccFTsFKQ/mb6iZWAg==",
      "license": "MIT",
      "peerDependencies": {
        "react": ">=16.8"
      }
    },
    "node_modules/@react-hook/resize-observer": {
      "version": "2.0.2",
      "resolved": "https://registry.npmjs.org/@react-hook/resize-observer/-/resize-observer-2.0.2.tgz",
      "integrity": "sha512-tzKKzxNpfE5TWmxuv+5Ae3IF58n0FQgQaWJmcbYkjXTRZATXxClnTprQ2uuYygYTpu1pqbBskpwMpj6jpT1djA==",
      "license": "MIT",
      "dependencies": {
        "@react-hook/latest": "^1.0.2",
        "@react-hook/passive-layout-effect": "^1.2.0"
      },
      "peerDependencies": {
        "react": ">=18"
      }
    },
    "node_modules/normalize-wheel": {
      "version": "1.0.1",
      "resolved": "https://registry.npmjs.org/normalize-wheel/-/normalize-wheel-1.0.1.tgz",
      "integrity": "sha512-1OnlAPZ3zgrk8B91HyRj+eVv+kS5u+Z0SCsak6Xil/kmgEia50ga7zfkumayonZrImffAxPU/5WcyGhzetHNPA==",
      "license": "BSD-3-Clause"
    },
    "node_modules/react": {
      "version": "19.1.0",
      "resolved": "https://registry.npmjs.org/react/-/react-19.1.0.tgz",
      "integrity": "sha512-FS+XFBNvn3GTAWq26joslQgWNoFu08F4kl0J4CgdNKADkdSGXQyTCnKteIAJy96Br6YbpEU1LSzV5dYtjMkMDg==",
      "license": "MIT",
      "peer": true,
      "engines": {
        "node": ">=0.10.0"
      }
    },
    "node_modules/react-dom": {
      "version": "19.1.0",
      "resolved": "https://registry.npmjs.org/react-dom/-/react-dom-19.1.0.tgz",
      "integrity": "sha512-Xs1hdnE+DyKgeHJeJznQmYMIBG3TKIHJJT95Q58nHLSrElKlGQqDTR2HQ9fx5CN/Gk6Vh/kupBTDLU11/nDk/g==",
      "license": "MIT",
      "peer": true,
      "dependencies": {
        "scheduler": "^0.26.0"
      },
      "peerDependencies": {
        "react": "^19.1.0"
      }
    },
    "node_modules/react-easy-crop": {
      "version": "5.4.1",
      "resolved": "https://registry.npmjs.org/react-easy-crop/-/react-easy-crop-5.4.1.tgz",
      "integrity": "sha512-Djtsi7bWO75vkKYkVxNRrJWY69pXLahIAkUN0mmt9cXNnaq2tpG59ctSY6P7ipJgBc7COJDRMRuwb2lYwtACNQ==",
      "license": "MIT",
      "dependencies": {
        "normalize-wheel": "^1.0.1",
        "tslib": "^2.0.1"
      },
      "peerDependencies": {
        "react": ">=16.4.0",
        "react-dom": ">=16.4.0"
      }
    },
    "node_modules/scheduler": {
      "version": "0.26.0",
      "resolved": "https://registry.npmjs.org/scheduler/-/scheduler-0.26.0.tgz",
      "integrity": "sha512-NlHwttCI/l5gCPR3D1nNXtWABUmBwvZpEQiD4IXSbIDq8BzLIK/7Ir5gTFSGZDUu37K5cMNp0hFtzO38sC7gWA==",
      "license": "MIT",
      "peer": true
    },
    "node_modules/tslib": {
      "version": "2.8.1",
      "resolved": "https://registry.npmjs.org/tslib/-/tslib-2.8.1.tgz",
      "integrity": "sha512-oJFu94HQb+KVduSUQL7wnpmqnfmLsOA/nAh6b6EH0wCEoK0/mPeXU6c3wKDV83MkOuHPRHtSXKKU99IBazS/2w==",
      "license": "0BSD"
    }
  }
}
